
Microsoft Visual Studio Solution File, Format Version 12.00
# Visual Studio 14
VisualStudioVersion = 14.0.23107.0
MinimumVisualStudioVersion = 10.0.40219.1
Project("{FAE04EC0-301F-11D3-BF4B-00C04F79EFBC}") = "ConsoleApplication1", "ConsoleApplication1\ConsoleApplication1.csproj", "{F0CDA961-CFB3-4EE6-91AE-C2DDB1DBF494}"
EndProject
Project("{FAE04EC0-301F-11D3-BF4B-00C04F79EFBC}") = "ConsoleApplication2", "..\reportcard\ConsoleApplication2\ConsoleApplication2.csproj", "{D3298C01-11E5-4FC3-AB46-2EBDB8E9B462}"
EndProject
Global
	GlobalSection(SolutionConfigurationPlatforms) = preSolution
		Debug|Any CPU = Debug|Any CPU
		Release|Any CPU = Release|Any CPU
	EndGlobalSection
	GlobalSection(ProjectConfigurationPlatforms) = postSolution
		{F0CDA961-CFB3-4EE6-91AE-C2DDB1DBF494}.Debug|Any CPU.ActiveCfg = Debug|Any CPU
		{F0CDA961-CFB3-4EE6-91AE-C2DDB1DBF494}.Debug|Any CPU.Build.0 = Debug|Any CPU
		{F0CDA961-CFB3-4EE6-91AE-C2DDB1DBF494}.Release|Any CPU.ActiveCfg = Release|Any CPU
		{F0CDA961-CFB3-4EE6-91AE-C2DDB1DBF494}.Release|Any CPU.Build.0 = Release|Any CPU
		{D3298C01-11E5-4FC3-AB46-2EBDB8E9B462}.Debug|Any CPU.ActiveCfg = Debug|Any CPU
		{D3298C01-11E5-4FC3-AB46-2EBDB8E9B462}.Debug|Any CPU.Build.0 = Debug|Any CPU
		{D3298C01-11E5-4FC3-AB46-2EBDB8E9B462}.Release|Any CPU.ActiveCfg = Release|Any CPU
		{D3298C01-11E5-4FC3-AB46-2EBDB8E9B462}.Release|Any CPU.Build.0 = Release|Any CPU
	EndGlobalSection
	GlobalSection(SolutionProperties) = preSolution
		HideSolutionNode = FALSE
	EndGlobalSection
EndGlobal
